
Microsoft Visual Studio Solution File, Format Version 12.00
# Visual Studio Version 16
VisualStudioVersion = 16.0.32106.194
MinimumVisualStudioVersion = 10.0.40219.1
Project("{FAE04EC0-301F-11D3-BF4B-00C04F79EFBC}") = "Binary_Tree", "Binary_Tree.csproj", "{007DB6FA-8BFF-4FEC-AD7A-FC3EAB99FB25}"
EndProject
Global
	GlobalSection(SolutionConfigurationPlatforms) = preSolution
		Debug|Any CPU = Debug|Any CPU
		Release|Any CPU = Release|Any CPU
	EndGlobalSection
	GlobalSection(ProjectConfigurationPlatforms) = postSolution
		{007DB6FA-8BFF-4FEC-AD7A-FC3EAB99FB25}.Debug|Any CPU.ActiveCfg = Debug|Any CPU
		{007DB6FA-8BFF-4FEC-AD7A-FC3EAB99FB25}.Debug|Any CPU.Build.0 = Debug|Any CPU
		{007DB6FA-8BFF-4FEC-AD7A-FC3EAB99FB25}.Release|Any CPU.ActiveCfg = Release|Any CPU
		{007DB6FA-8BFF-4FEC-AD7A-FC3EAB99FB25}.Release|Any CPU.Build.0 = Release|Any CPU
	EndGlobalSection
	GlobalSection(SolutionProperties) = preSolution
		HideSolutionNode = FALSE
	EndGlobalSection
	GlobalSection(ExtensibilityGlobals) = postSolution
		SolutionGuid = {EA9FEC8C-56EE-4378-85AB-A2C95FC3925F}
	EndGlobalSection
EndGlobal
